
Microsoft Visual Studio Solution File, Format Version 12.00
# Visual Studio Version 17
VisualStudioVersion = 17.7.34024.191
MinimumVisualStudioVersion = 10.0.40219.1
Project("{FAE04EC0-301F-11D3-BF4B-00C04F79EFBC}") = "Group_11_Assignment02", "Group_11_Assignment02\Group_11_Assignment02.csproj", "{8D07F2BE-CF29-4A69-9817-83431E68F6B7}"
EndProject
Project("{FAE04EC0-301F-11D3-BF4B-00C04F79EFBC}") = "Assignment02.Tests", "Assignment02.Tests\Assignment02.Tests.csproj", "{E9DA16F7-AD71-452A-8D73-485DC3CBE7B0}"
EndProject
Global
	GlobalSection(SolutionConfigurationPlatforms) = preSolution
		Debug|Any CPU = Debug|Any CPU
		Release|Any CPU = Release|Any CPU
	EndGlobalSection
	GlobalSection(ProjectConfigurationPlatforms) = postSolution
		{8D07F2BE-CF29-4A69-9817-83431E68F6B7}.Debug|Any CPU.ActiveCfg = Debug|Any CPU
		{8D07F2BE-CF29-4A69-9817-83431E68F6B7}.Debug|Any CPU.Build.0 = Debug|Any CPU
		{8D07F2BE-CF29-4A69-9817-83431E68F6B7}.Release|Any CPU.ActiveCfg = Release|Any CPU
		{8D07F2BE-CF29-4A69-9817-83431E68F6B7}.Release|Any CPU.Build.0 = Release|Any CPU
		{E9DA16F7-AD71-452A-8D73-485DC3CBE7B0}.Debug|Any CPU.ActiveCfg = Debug|Any CPU
		{E9DA16F7-AD71-452A-8D73-485DC3CBE7B0}.Debug|Any CPU.Build.0 = Debug|Any CPU
		{E9DA16F7-AD71-452A-8D73-485DC3CBE7B0}.Release|Any CPU.ActiveCfg = Release|Any CPU
		{E9DA16F7-AD71-452A-8D73-485DC3CBE7B0}.Release|Any CPU.Build.0 = Release|Any CPU
	EndGlobalSection
	GlobalSection(SolutionProperties) = preSolution
		HideSolutionNode = FALSE
	EndGlobalSection
	GlobalSection(ExtensibilityGlobals) = postSolution
		SolutionGuid = {F8826CCE-C581-4DCA-B41C-260E3EB2BC5E}
	EndGlobalSection
EndGlobal
